
Microsoft Visual Studio Solution File, Format Version 12.00
# Visual Studio Version 16
VisualStudioVersion = 16.0.30114.105
MinimumVisualStudioVersion = 10.0.40219.1
Project("{2150E333-8FDC-42A3-9474-1A3956D46DE8}") = "domain", "domain", "{66D15AD5-39FB-475A-90B5-A466447238F1}"
EndProject
Project("{9A19103F-16F7-4668-BE54-9A1E7A4F7556}") = "Store", "domain\Store\Store.csproj", "{8DC0730F-BDC0-4198-AEC3-39983FDECEEF}"
EndProject
Project("{2150E333-8FDC-42A3-9474-1A3956D46DE8}") = "infastructure", "infastructure", "{95275A35-385F-4311-9773-37DAC93D93F7}"
EndProject
Project("{2150E333-8FDC-42A3-9474-1A3956D46DE8}") = "presentation", "presentation", "{9B67B88C-35E5-4FA3-96C6-23751FBF8020}"
EndProject
Project("{9A19103F-16F7-4668-BE54-9A1E7A4F7556}") = "Store.Web", "presentation\Store.Web\Store.Web.csproj", "{0A2A19D3-65C1-44CF-9AE1-ADBF1E660606}"
EndProject
Project("{9A19103F-16F7-4668-BE54-9A1E7A4F7556}") = "Store.Tests", "domain\Store.Tests\Store.Tests.csproj", "{597395FF-888D-4313-9BB7-210237A0ACC7}"
EndProject
Project("{9A19103F-16F7-4668-BE54-9A1E7A4F7556}") = "Store.Web.Contractors", "presentation\Store.Web.Contractors\Store.Web.Contractors.csproj", "{7F07470E-9C8E-418D-B2DE-BDD5EDCAF06A}"
EndProject
Project("{2150E333-8FDC-42A3-9474-1A3956D46DE8}") = "plugins", "plugins", "{95FFE55B-367B-4430-B811-53B4CC70D3C2}"
EndProject
Project("{9A19103F-16F7-4668-BE54-9A1E7A4F7556}") = "Store.YandexKassa", "plugins\Store.YandexKassa\Store.YandexKassa.csproj", "{E4209998-7C5A-4C4F-A4E3-E7986A89A4DC}"
EndProject
Project("{2150E333-8FDC-42A3-9474-1A3956D46DE8}") = "application", "application", "{7BE3F360-C9CE-4ED9-9211-2791FDE48092}"
EndProject
Project("{9A19103F-16F7-4668-BE54-9A1E7A4F7556}") = "Store.Web.Application", "application\Store.Web.Application\Store.Web.Application.csproj", "{62A45921-CE39-4E3E-AE5A-3586CF6D4A45}"
EndProject
Project("{FAE04EC0-301F-11D3-BF4B-00C04F79EFBC}") = "Store.Data.EF", "infastructure\Store.Data.EF\Store.Data.EF.csproj", "{47DD9018-A512-4EF5-897E-1BE990FD01B9}"
EndProject
Global
	GlobalSection(SolutionConfigurationPlatforms) = preSolution
		Debug|Any CPU = Debug|Any CPU
		Debug|x64 = Debug|x64
		Debug|x86 = Debug|x86
		Release|Any CPU = Release|Any CPU
		Release|x64 = Release|x64
		Release|x86 = Release|x86
	EndGlobalSection
	GlobalSection(ProjectConfigurationPlatforms) = postSolution
		{8DC0730F-BDC0-4198-AEC3-39983FDECEEF}.Debug|Any CPU.ActiveCfg = Debug|Any CPU
		{8DC0730F-BDC0-4198-AEC3-39983FDECEEF}.Debug|Any CPU.Build.0 = Debug|Any CPU
		{8DC0730F-BDC0-4198-AEC3-39983FDECEEF}.Debug|x64.ActiveCfg = Debug|Any CPU
		{8DC0730F-BDC0-4198-AEC3-39983FDECEEF}.Debug|x64.Build.0 = Debug|Any CPU
		{8DC0730F-BDC0-4198-AEC3-39983FDECEEF}.Debug|x86.ActiveCfg = Debug|Any CPU
		{8DC0730F-BDC0-4198-AEC3-39983FDECEEF}.Debug|x86.Build.0 = Debug|Any CPU
		{8DC0730F-BDC0-4198-AEC3-39983FDECEEF}.Release|Any CPU.ActiveCfg = Release|Any CPU
		{8DC0730F-BDC0-4198-AEC3-39983FDECEEF}.Release|Any CPU.Build.0 = Release|Any CPU
		{8DC0730F-BDC0-4198-AEC3-39983FDECEEF}.Release|x64.ActiveCfg = Release|Any CPU
		{8DC0730F-BDC0-4198-AEC3-39983FDECEEF}.Release|x64.Build.0 = Release|Any CPU
		{8DC0730F-BDC0-4198-AEC3-39983FDECEEF}.Release|x86.ActiveCfg = Release|Any CPU
		{8DC0730F-BDC0-4198-AEC3-39983FDECEEF}.Release|x86.Build.0 = Release|Any CPU
		{0A2A19D3-65C1-44CF-9AE1-ADBF1E660606}.Debug|Any CPU.ActiveCfg = Debug|Any CPU
		{0A2A19D3-65C1-44CF-9AE1-ADBF1E660606}.Debug|Any CPU.Build.0 = Debug|Any CPU
		{0A2A19D3-65C1-44CF-9AE1-ADBF1E660606}.Debug|x64.ActiveCfg = Debug|Any CPU
		{0A2A19D3-65C1-44CF-9AE1-ADBF1E660606}.Debug|x64.Build.0 = Debug|Any CPU
		{0A2A19D3-65C1-44CF-9AE1-ADBF1E660606}.Debug|x86.ActiveCfg = Debug|Any CPU
		{0A2A19D3-65C1-44CF-9AE1-ADBF1E660606}.Debug|x86.Build.0 = Debug|Any CPU
		{0A2A19D3-65C1-44CF-9AE1-ADBF1E660606}.Release|Any CPU.ActiveCfg = Release|Any CPU
		{0A2A19D3-65C1-44CF-9AE1-ADBF1E660606}.Release|Any CPU.Build.0 = Release|Any CPU
		{0A2A19D3-65C1-44CF-9AE1-ADBF1E660606}.Release|x64.ActiveCfg = Release|Any CPU
		{0A2A19D3-65C1-44CF-9AE1-ADBF1E660606}.Release|x64.Build.0 = Release|Any CPU
		{0A2A19D3-65C1-44CF-9AE1-ADBF1E660606}.Release|x86.ActiveCfg = Release|Any CPU
		{0A2A19D3-65C1-44CF-9AE1-ADBF1E660606}.Release|x86.Build.0 = Release|Any CPU
		{597395FF-888D-4313-9BB7-210237A0ACC7}.Debug|Any CPU.ActiveCfg = Debug|Any CPU
		{597395FF-888D-4313-9BB7-210237A0ACC7}.Debug|Any CPU.Build.0 = Debug|Any CPU
		{597395FF-888D-4313-9BB7-210237A0ACC7}.Debug|x64.ActiveCfg = Debug|Any CPU
		{597395FF-888D-4313-9BB7-210237A0ACC7}.Debug|x64.Build.0 = Debug|Any CPU
		{597395FF-888D-4313-9BB7-210237A0ACC7}.Debug|x86.ActiveCfg = Debug|Any CPU
		{597395FF-888D-4313-9BB7-210237A0ACC7}.Debug|x86.Build.0 = Debug|Any CPU
		{597395FF-888D-4313-9BB7-210237A0ACC7}.Release|Any CPU.ActiveCfg = Release|Any CPU
		{597395FF-888D-4313-9BB7-210237A0ACC7}.Release|Any CPU.Build.0 = Release|Any CPU
		{597395FF-888D-4313-9BB7-210237A0ACC7}.Release|x64.ActiveCfg = Release|Any CPU
		{597395FF-888D-4313-9BB7-210237A0ACC7}.Release|x64.Build.0 = Release|Any CPU
		{597395FF-888D-4313-9BB7-210237A0ACC7}.Release|x86.ActiveCfg = Release|Any CPU
		{597395FF-888D-4313-9BB7-210237A0ACC7}.Release|x86.Build.0 = Release|Any CPU
		{7F07470E-9C8E-418D-B2DE-BDD5EDCAF06A}.Debug|Any CPU.ActiveCfg = Debug|Any CPU
		{7F07470E-9C8E-418D-B2DE-BDD5EDCAF06A}.Debug|Any CPU.Build.0 = Debug|Any CPU
		{7F07470E-9C8E-418D-B2DE-BDD5EDCAF06A}.Debug|x64.ActiveCfg = Debug|Any CPU
		{7F07470E-9C8E-418D-B2DE-BDD5EDCAF06A}.Debug|x64.Build.0 = Debug|Any CPU
		{7F07470E-9C8E-418D-B2DE-BDD5EDCAF06A}.Debug|x86.ActiveCfg = Debug|Any CPU
		{7F07470E-9C8E-418D-B2DE-BDD5EDCAF06A}.Debug|x86.Build.0 = Debug|Any CPU
		{7F07470E-9C8E-418D-B2DE-BDD5EDCAF06A}.Release|Any CPU.ActiveCfg = Release|Any CPU
		{7F07470E-9C8E-418D-B2DE-BDD5EDCAF06A}.Release|Any CPU.Build.0 = Release|Any CPU
		{7F07470E-9C8E-418D-B2DE-BDD5EDCAF06A}.Release|x64.ActiveCfg = Release|Any CPU
		{7F07470E-9C8E-418D-B2DE-BDD5EDCAF06A}.Release|x64.Build.0 = Release|Any CPU
		{7F07470E-9C8E-418D-B2DE-BDD5EDCAF06A}.Release|x86.ActiveCfg = Release|Any CPU
		{7F07470E-9C8E-418D-B2DE-BDD5EDCAF06A}.Release|x86.Build.0 = Release|Any CPU
		{E4209998-7C5A-4C4F-A4E3-E7986A89A4DC}.Debug|Any CPU.ActiveCfg = Debug|Any CPU
		{E4209998-7C5A-4C4F-A4E3-E7986A89A4DC}.Debug|Any CPU.Build.0 = Debug|Any CPU
		{E4209998-7C5A-4C4F-A4E3-E7986A89A4DC}.Debug|x64.ActiveCfg = Debug|Any CPU
		{E4209998-7C5A-4C4F-A4E3-E7986A89A4DC}.Debug|x64.Build.0 = Debug|Any CPU
		{E4209998-7C5A-4C4F-A4E3-E7986A89A4DC}.Debug|x86.ActiveCfg = Debug|Any CPU
		{E4209998-7C5A-4C4F-A4E3-E7986A89A4DC}.Debug|x86.Build.0 = Debug|Any CPU
		{E4209998-7C5A-4C4F-A4E3-E7986A89A4DC}.Release|Any CPU.ActiveCfg = Release|Any CPU
		{E4209998-7C5A-4C4F-A4E3-E7986A89A4DC}.Release|Any CPU.Build.0 = Release|Any CPU
		{E4209998-7C5A-4C4F-A4E3-E7986A89A4DC}.Release|x64.ActiveCfg = Release|Any CPU
		{E4209998-7C5A-4C4F-A4E3-E7986A89A4DC}.Release|x64.Build.0 = Release|Any CPU
		{E4209998-7C5A-4C4F-A4E3-E7986A89A4DC}.Release|x86.ActiveCfg = Release|Any CPU
		{E4209998-7C5A-4C4F-A4E3-E7986A89A4DC}.Release|x86.Build.0 = Release|Any CPU
		{62A45921-CE39-4E3E-AE5A-3586CF6D4A45}.Debug|Any CPU.ActiveCfg = Debug|Any CPU
		{62A45921-CE39-4E3E-AE5A-3586CF6D4A45}.Debug|Any CPU.Build.0 = Debug|Any CPU
		{62A45921-CE39-4E3E-AE5A-3586CF6D4A45}.Debug|x64.ActiveCfg = Debug|Any CPU
		{62A45921-CE39-4E3E-AE5A-3586CF6D4A45}.Debug|x64.Build.0 = Debug|Any CPU
		{62A45921-CE39-4E3E-AE5A-3586CF6D4A45}.Debug|x86.ActiveCfg = Debug|Any CPU
		{62A45921-CE39-4E3E-AE5A-3586CF6D4A45}.Debug|x86.Build.0 = Debug|Any CPU
		{62A45921-CE39-4E3E-AE5A-3586CF6D4A45}.Release|Any CPU.ActiveCfg = Release|Any CPU
		{62A45921-CE39-4E3E-AE5A-3586CF6D4A45}.Release|Any CPU.Build.0 = Release|Any CPU
		{62A45921-CE39-4E3E-AE5A-3586CF6D4A45}.Release|x64.ActiveCfg = Release|Any CPU
		{62A45921-CE39-4E3E-AE5A-3586CF6D4A45}.Release|x64.Build.0 = Release|Any CPU
		{62A45921-CE39-4E3E-AE5A-3586CF6D4A45}.Release|x86.ActiveCfg = Release|Any CPU
		{62A45921-CE39-4E3E-AE5A-3586CF6D4A45}.Release|x86.Build.0 = Release|Any CPU
		{47DD9018-A512-4EF5-897E-1BE990FD01B9}.Debug|Any CPU.ActiveCfg = Debug|Any CPU
		{47DD9018-A512-4EF5-897E-1BE990FD01B9}.Debug|Any CPU.Build.0 = Debug|Any CPU
		{47DD9018-A512-4EF5-897E-1BE990FD01B9}.Debug|x64.ActiveCfg = Debug|Any CPU
		{47DD9018-A512-4EF5-897E-1BE990FD01B9}.Debug|x64.Build.0 = Debug|Any CPU
		{47DD9018-A512-4EF5-897E-1BE990FD01B9}.Debug|x86.ActiveCfg = Debug|Any CPU
		{47DD9018-A512-4EF5-897E-1BE990FD01B9}.Debug|x86.Build.0 = Debug|Any CPU
		{47DD9018-A512-4EF5-897E-1BE990FD01B9}.Release|Any CPU.ActiveCfg = Release|Any CPU
		{47DD9018-A512-4EF5-897E-1BE990FD01B9}.Release|Any CPU.Build.0 = Release|Any CPU
		{47DD9018-A512-4EF5-897E-1BE990FD01B9}.Release|x64.ActiveCfg = Release|Any CPU
		{47DD9018-A512-4EF5-897E-1BE990FD01B9}.Release|x64.Build.0 = Release|Any CPU
		{47DD9018-A512-4EF5-897E-1BE990FD01B9}.Release|x86.ActiveCfg = Release|Any CPU
		{47DD9018-A512-4EF5-897E-1BE990FD01B9}.Release|x86.Build.0 = Release|Any CPU
	EndGlobalSection
	GlobalSection(SolutionProperties) = preSolution
		HideSolutionNode = FALSE
	EndGlobalSection
	GlobalSection(NestedProjects) = preSolution
		{8DC0730F-BDC0-4198-AEC3-39983FDECEEF} = {66D15AD5-39FB-475A-90B5-A466447238F1}
		{0A2A19D3-65C1-44CF-9AE1-ADBF1E660606} = {9B67B88C-35E5-4FA3-96C6-23751FBF8020}
		{597395FF-888D-4313-9BB7-210237A0ACC7} = {66D15AD5-39FB-475A-90B5-A466447238F1}
		{7F07470E-9C8E-418D-B2DE-BDD5EDCAF06A} = {9B67B88C-35E5-4FA3-96C6-23751FBF8020}
		{E4209998-7C5A-4C4F-A4E3-E7986A89A4DC} = {95FFE55B-367B-4430-B811-53B4CC70D3C2}
		{62A45921-CE39-4E3E-AE5A-3586CF6D4A45} = {7BE3F360-C9CE-4ED9-9211-2791FDE48092}
		{47DD9018-A512-4EF5-897E-1BE990FD01B9} = {95275A35-385F-4311-9773-37DAC93D93F7}
	EndGlobalSection
	GlobalSection(ExtensibilityGlobals) = postSolution
		SolutionGuid = {A412AD58-3E5D-47A5-A9D1-611E2008D716}
	EndGlobalSection
EndGlobal
